// !$*UTF8*$!
{
	archiveVersion = 1;
	classes = {
	};
	objectVersion = 46;
	objects = {

/* Begin PBXBuildFile section */
		500CD5EC1C18402E00C104FC /* Meteo.swift in Sources */ = {isa = PBXBuildFile; fileRef = 500CD5EB1C18402E00C104FC /* Meteo.swift */; };
		500CD5EF1C18437D00C104FC /* Constants.swift in Sources */ = {isa = PBXBuildFile; fileRef = 500CD5EE1C18437D00C104FC /* Constants.swift */; };
		504D23121C17234A00629DCD /* AppDelegate.swift in Sources */ = {isa = PBXBuildFile; fileRef = 504D23111C17234A00629DCD /* AppDelegate.swift */; };
		504D23141C17234A00629DCD /* ViewController.swift in Sources */ = {isa = PBXBuildFile; fileRef = 504D23131C17234A00629DCD /* ViewController.swift */; };
		504D23171C17234A00629DCD /* Main.storyboard in Resources */ = {isa = PBXBuildFile; fileRef = 504D23151C17234A00629DCD /* Main.storyboard */; };
		504D23191C17234A00629DCD /* Assets.xcassets in Resources */ = {isa = PBXBuildFile; fileRef = 504D23181C17234A00629DCD /* Assets.xcassets */; };
		504D231C1C17234A00629DCD /* LaunchScreen.storyboard in Resources */ = {isa = PBXBuildFile; fileRef = 504D231A1C17234A00629DCD /* LaunchScreen.storyboard */; };
		504D23281C17341C00629DCD /* weathericons.ttf in Resources */ = {isa = PBXBuildFile; fileRef = 504D23271C17341C00629DCD /* weathericons.ttf */; };
		504D23341C173AAF00629DCD /* SF-UI-Display-Black.otf in Resources */ = {isa = PBXBuildFile; fileRef = 504D232B1C173AAF00629DCD /* SF-UI-Display-Black.otf */; };
		504D23351C173AAF00629DCD /* SF-UI-Display-Bold.otf in Resources */ = {isa = PBXBuildFile; fileRef = 504D232C1C173AAF00629DCD /* SF-UI-Display-Bold.otf */; };
		504D23361C173AAF00629DCD /* SF-UI-Display-Heavy.otf in Resources */ = {isa = PBXBuildFile; fileRef = 504D232D1C173AAF00629DCD /* SF-UI-Display-Heavy.otf */; };
		504D23371C173AAF00629DCD /* SF-UI-Display-Light.otf in Resources */ = {isa = PBXBuildFile; fileRef = 504D232E1C173AAF00629DCD /* SF-UI-Display-Light.otf */; };
		504D23381C173AAF00629DCD /* SF-UI-Display-Medium.otf in Resources */ = {isa = PBXBuildFile; fileRef = 504D232F1C173AAF00629DCD /* SF-UI-Display-Medium.otf */; };
		504D23391C173AAF00629DCD /* SF-UI-Display-Regular.otf in Resources */ = {isa = PBXBuildFile; fileRef = 504D23301C173AAF00629DCD /* SF-UI-Display-Regular.otf */; };
		504D233A1C173AAF00629DCD /* SF-UI-Display-Semibold.otf in Resources */ = {isa = PBXBuildFile; fileRef = 504D23311C173AAF00629DCD /* SF-UI-Display-Semibold.otf */; };
		504D233B1C173AAF00629DCD /* SF-UI-Display-Thin.otf in Resources */ = {isa = PBXBuildFile; fileRef = 504D23321C173AAF00629DCD /* SF-UI-Display-Thin.otf */; };
		504D233C1C173AAF00629DCD /* SF-UI-Display-Ultralight.otf in Resources */ = {isa = PBXBuildFile; fileRef = 504D23331C173AAF00629DCD /* SF-UI-Display-Ultralight.otf */; };
		50D1264A1C198A0000B8D8DD /* MeteoDetails.swift in Sources */ = {isa = PBXBuildFile; fileRef = 50D126491C198A0000B8D8DD /* MeteoDetails.swift */; };
		F011F6CB2ECA8FE5E944CECE /* Pods_exercice_WeatherApp.framework in Frameworks */ = {isa = PBXBuildFile; fileRef = 01162DFD87E6C6C120F57D11 /* Pods_exercice_WeatherApp.framework */; };
/* End PBXBuildFile section */

/* Begin PBXFileReference section */
		01162DFD87E6C6C120F57D11 /* Pods_exercice_WeatherApp.framework */ = {isa = PBXFileReference; explicitFileType = wrapper.framework; includeInIndex = 0; path = Pods_exercice_WeatherApp.framework; sourceTree = BUILT_PRODUCTS_DIR; };
		500CD5EB1C18402E00C104FC /* Meteo.swift */ = {isa = PBXFileReference; fileEncoding = 4; lastKnownFileType = sourcecode.swift; path = Meteo.swift; sourceTree = "<group>"; };
		500CD5EE1C18437D00C104FC /* Constants.swift */ = {isa = PBXFileReference; fileEncoding = 4; lastKnownFileType = sourcecode.swift; path = Constants.swift; sourceTree = "<group>"; };
		504D230E1C17234A00629DCD /* exercice-WeatherApp.app */ = {isa = PBXFileReference; explicitFileType = wrapper.application; includeInIndex = 0; path = "exercice-WeatherApp.app"; sourceTree = BUILT_PRODUCTS_DIR; };
		504D23111C17234A00629DCD /* AppDelegate.swift */ = {isa = PBXFileReference; lastKnownFileType = sourcecode.swift; path = AppDelegate.swift; sourceTree = "<group>"; };
		504D23131C17234A00629DCD /* ViewController.swift */ = {isa = PBXFileReference; lastKnownFileType = sourcecode.swift; path = ViewController.swift; sourceTree = "<group>"; };
		504D23161C17234A00629DCD /* Base */ = {isa = PBXFileReference; lastKnownFileType = file.storyboard; name = Base; path = Base.lproj/Main.storyboard; sourceTree = "<group>"; };
		504D23181C17234A00629DCD /* Assets.xcassets */ = {isa = PBXFileReference; lastKnownFileType = folder.assetcatalog; path = Assets.xcassets; sourceTree = "<group>"; };
		504D231B1C17234A00629DCD /* Base */ = {isa = PBXFileReference; lastKnownFileType = file.storyboard; name = Base; path = Base.lproj/LaunchScreen.storyboard; sourceTree = "<group>"; };
		504D231D1C17234A00629DCD /* Info.plist */ = {isa = PBXFileReference; lastKnownFileType = text.plist.xml; path = Info.plist; sourceTree = "<group>"; };
		504D23271C17341C00629DCD /* weathericons.ttf */ = {isa = PBXFileReference; lastKnownFileType = file; path = weathericons.ttf; sourceTree = "<group>"; };
		504D232B1C173AAF00629DCD /* SF-UI-Display-Black.otf */ = {isa = PBXFileReference; lastKnownFileType = file; path = "SF-UI-Display-Black.otf"; sourceTree = "<group>"; };
		504D232C1C173AAF00629DCD /* SF-UI-Display-Bold.otf */ = {isa = PBXFileReference; lastKnownFileType = file; path = "SF-UI-Display-Bold.otf"; sourceTree = "<group>"; };
		504D232D1C173AAF00629DCD /* SF-UI-Display-Heavy.otf */ = {isa = PBXFileReference; lastKnownFileType = file; path = "SF-UI-Display-Heavy.otf"; sourceTree = "<group>"; };
		504D232E1C173AAF00629DCD /* SF-UI-Display-Light.otf */ = {isa = PBXFileReference; lastKnownFileType = file; path = "SF-UI-Display-Light.otf"; sourceTree = "<group>"; };
		504D232F1C173AAF00629DCD /* SF-UI-Display-Medium.otf */ = {isa = PBXFileReference; lastKnownFileType = file; path = "SF-UI-Display-Medium.otf"; sourceTree = "<group>"; };
		504D23301C173AAF00629DCD /* SF-UI-Display-Regular.otf */ = {isa = PBXFileReference; lastKnownFileType = file; path = "SF-UI-Display-Regular.otf"; sourceTree = "<group>"; };
		504D23311C173AAF00629DCD /* SF-UI-Display-Semibold.otf */ = {isa = PBXFileReference; lastKnownFileType = file; path = "SF-UI-Display-Semibold.otf"; sourceTree = "<group>"; };
		504D23321C173AAF00629DCD /* SF-UI-Display-Thin.otf */ = {isa = PBXFileReference; lastKnownFileType = file; path = "SF-UI-Display-Thin.otf"; sourceTree = "<group>"; };
		504D23331C173AAF00629DCD /* SF-UI-Display-Ultralight.otf */ = {isa = PBXFileReference; lastKnownFileType = file; path = "SF-UI-Display-Ultralight.otf"; sourceTree = "<group>"; };
		50D126491C198A0000B8D8DD /* MeteoDetails.swift */ = {isa = PBXFileReference; fileEncoding = 4; lastKnownFileType = sourcecode.swift; path = MeteoDetails.swift; sourceTree = "<group>"; };
		577ABCEAE33F0C18C14C5584 /* Pods-exercice-WeatherApp.release.xcconfig */ = {isa = PBXFileReference; includeInIndex = 1; lastKnownFileType = text.xcconfig; name = "Pods-exercice-WeatherApp.release.xcconfig"; path = "Pods/Target Support Files/Pods-exercice-WeatherApp/Pods-exercice-WeatherApp.release.xcconfig"; sourceTree = "<group>"; };
		98E8536913D9CA368C737A03 /* Pods-exercice-WeatherApp.debug.xcconfig */ = {isa = PBXFileReference; includeInIndex = 1; lastKnownFileType = text.xcconfig; name = "Pods-exercice-WeatherApp.debug.xcconfig"; path = "Pods/Target Support Files/Pods-exercice-WeatherApp/Pods-exercice-WeatherApp.debug.xcconfig"; sourceTree = "<group>"; };
/* End PBXFileReference section */

/* Begin PBXFrameworksBuildPhase section */
		504D230B1C17234A00629DCD /* Frameworks */ = {
			isa = PBXFrameworksBuildPhase;
			buildActionMask = 2147483647;
			files = (
				F011F6CB2ECA8FE5E944CECE /* Pods_exercice_WeatherApp.framework in Frameworks */,
			);
			runOnlyForDeploymentPostprocessing = 0;
		};
/* End PBXFrameworksBuildPhase section */

/* Begin PBXGroup section */
		0F8E701EBE77A5878642977D /* Pods */ = {
			isa = PBXGroup;
			children = (
				98E8536913D9CA368C737A03 /* Pods-exercice-WeatherApp.debug.xcconfig */,
				577ABCEAE33F0C18C14C5584 /* Pods-exercice-WeatherApp.release.xcconfig */,
			);
			name = Pods;
			sourceTree = "<group>";
		};
		500CD5ED1C18435600C104FC /* Utilities */ = {
			isa = PBXGroup;
			children = (
				500CD5EE1C18437D00C104FC /* Constants.swift */,
			);
			name = Utilities;
			sourceTree = "<group>";
		};
		504D23051C17234A00629DCD = {
			isa = PBXGroup;
			children = (
				504D23101C17234A00629DCD /* exercice-WeatherApp */,
				504D230F1C17234A00629DCD /* Products */,
				0F8E701EBE77A5878642977D /* Pods */,
				AF589BA7901F6523680EA42E /* Frameworks */,
			);
			sourceTree = "<group>";
		};
		504D230F1C17234A00629DCD /* Products */ = {
			isa = PBXGroup;
			children = (
				504D230E1C17234A00629DCD /* exercice-WeatherApp.app */,
			);
			name = Products;
			sourceTree = "<group>";
		};
		504D23101C17234A00629DCD /* exercice-WeatherApp */ = {
			isa = PBXGroup;
			children = (
				504D23261C17311800629DCD /* Model */,
				504D23251C17311300629DCD /* View */,
				504D23241C17310A00629DCD /* Controller */,
				504D23231C1730FC00629DCD /* Ressources */,
				500CD5ED1C18435600C104FC /* Utilities */,
				504D23111C17234A00629DCD /* AppDelegate.swift */,
				504D23151C17234A00629DCD /* Main.storyboard */,
				504D23181C17234A00629DCD /* Assets.xcassets */,
				504D231A1C17234A00629DCD /* LaunchScreen.storyboard */,
				504D231D1C17234A00629DCD /* Info.plist */,
			);
			path = "exercice-WeatherApp";
			sourceTree = "<group>";
		};
		504D23231C1730FC00629DCD /* Ressources */ = {
			isa = PBXGroup;
			children = (
				504D23271C17341C00629DCD /* weathericons.ttf */,
				504D232B1C173AAF00629DCD /* SF-UI-Display-Black.otf */,
				504D232C1C173AAF00629DCD /* SF-UI-Display-Bold.otf */,
				504D232D1C173AAF00629DCD /* SF-UI-Display-Heavy.otf */,
				504D232E1C173AAF00629DCD /* SF-UI-Display-Light.otf */,
				504D232F1C173AAF00629DCD /* SF-UI-Display-Medium.otf */,
				504D23301C173AAF00629DCD /* SF-UI-Display-Regular.otf */,
				504D23311C173AAF00629DCD /* SF-UI-Display-Semibold.otf */,
				504D23321C173AAF00629DCD /* SF-UI-Display-Thin.otf */,
				504D23331C173AAF00629DCD /* SF-UI-Display-Ultralight.otf */,
			);
			name = Ressources;
			sourceTree = "<group>";
		};
		504D23241C17310A00629DCD /* Controller */ = {
			isa = PBXGroup;
			children = (
				504D23131C17234A00629DCD /* ViewController.swift */,
			);
			name = Controller;
			sourceTree = "<group>";
		};
		504D23251C17311300629DCD /* View */ = {
			isa = PBXGroup;
			children = (
			);
			name = View;
			sourceTree = "<group>";
		};
		504D23261C17311800629DCD /* Model */ = {
			isa = PBXGroup;
			children = (
				500CD5EB1C18402E00C104FC /* Meteo.swift */,
				50D126491C198A0000B8D8DD /* MeteoDetails.swift */,
			);
			name = Model;
			sourceTree = "<group>";
		};
		AF589BA7901F6523680EA42E /* Frameworks */ = {
			isa = PBXGroup;
			children = (
				01162DFD87E6C6C120F57D11 /* Pods_exercice_WeatherApp.framework */,
			);
			name = Frameworks;
			sourceTree = "<group>";
		};
/* End PBXGroup section */

/* Begin PBXNativeTarget section */
		504D230D1C17234A00629DCD /* exercice-WeatherApp */ = {
			isa = PBXNativeTarget;
			buildConfigurationList = 504D23201C17234A00629DCD /* Build configuration list for PBXNativeTarget "exercice-WeatherApp" */;
			buildPhases = (
				20DE57D66C0E1FE7FAB19C34 /* Check Pods Manifest.lock */,
				504D230A1C17234A00629DCD /* Sources */,
				504D230B1C17234A00629DCD /* Frameworks */,
				504D230C1C17234A00629DCD /* Resources */,
				B07F8F8FED7E033900589D44 /* Embed Pods Frameworks */,
				82BC79C7645143A1FA7DEDD0 /* Copy Pods Resources */,
			);
			buildRules = (
			);
			dependencies = (
			);
			name = "exercice-WeatherApp";
			productName = "exercice-WeatherApp";
			productReference = 504D230E1C17234A00629DCD /* exercice-WeatherApp.app */;
			productType = "com.apple.product-type.application";
		};
/* End PBXNativeTarget section */

/* Begin PBXProject section */
		504D23061C17234A00629DCD /* Project object */ = {
			isa = PBXProject;
			attributes = {
				LastSwiftUpdateCheck = 0710;
				LastUpgradeCheck = 0710;
				ORGANIZATIONNAME = "Mehdi Yembou";
				TargetAttributes = {
					504D230D1C17234A00629DCD = {
						CreatedOnToolsVersion = 7.1.1;
					};
				};
			};
			buildConfigurationList = 504D23091C17234A00629DCD /* Build configuration list for PBXProject "exercice-WeatherApp" */;
			compatibilityVersion = "Xcode 3.2";
			developmentRegion = English;
			hasScannedForEncodings = 0;
			knownRegions = (
				en,
				Base,
			);
			mainGroup = 504D23051C17234A00629DCD;
			productRefGroup = 504D230F1C17234A00629DCD /* Products */;
			projectDirPath = "";
			projectRoot = "";
			targets = (
				504D230D1C17234A00629DCD /* exercice-WeatherApp */,
			);
		};
/* End PBXProject section */

/* Begin PBXResourcesBuildPhase section */
		504D230C1C17234A00629DCD /* Resources */ = {
			isa = PBXResourcesBuildPhase;
			buildActionMask = 2147483647;
			files = (
				504D23351C173AAF00629DCD /* SF-UI-Display-Bold.otf in Resources */,
				504D23381C173AAF00629DCD /* SF-UI-Display-Medium.otf in Resources */,
				504D231C1C17234A00629DCD /* LaunchScreen.storyboard in Resources */,
				504D23191C17234A00629DCD /* Assets.xcassets in Resources */,
				504D23341C173AAF00629DCD /* SF-UI-Display-Black.otf in Resources */,
				504D23371C173AAF00629DCD /* SF-UI-Display-Light.otf in Resources */,
				504D23281C17341C00629DCD /* weathericons.ttf in Resources */,
				504D233B1C173AAF00629DCD /* SF-UI-Display-Thin.otf in Resources */,
				504D233A1C173AAF00629DCD /* SF-UI-Display-Semibold.otf in Resources */,
				504D23391C173AAF00629DCD /* SF-UI-Display-Regular.otf in Resources */,
				504D233C1C173AAF00629DCD /* SF-UI-Display-Ultralight.otf in Resources */,
				504D23171C17234A00629DCD /* Main.storyboard in Resources */,
				504D23361C173AAF00629DCD /* SF-UI-Display-Heavy.otf in Resources */,
			);
			runOnlyForDeploymentPostprocessing = 0;
		};
/* End PBXResourcesBuildPhase section */

/* Begin PBXShellScriptBuildPhase section */
		20DE57D66C0E1FE7FAB19C34 /* Check Pods Manifest.lock */ = {
			isa = PBXShellScriptBuildPhase;
			buildActionMask = 2147483647;
			files = (
			);
			inputPaths = (
			);
			name = "Check Pods Manifest.lock";
			outputPaths = (
			);
			runOnlyForDeploymentPostprocessing = 0;
			shellPath = /bin/sh;
			shellScript = "diff \"${PODS_ROOT}/../Podfile.lock\" \"${PODS_ROOT}/Manifest.lock\" > /dev/null\nif [[ $? != 0 ]] ; then\n    cat << EOM\nerror: The sandbox is not in sync with the Podfile.lock. Run 'pod install' or update your CocoaPods installation.\nEOM\n    exit 1\nfi\n";
			showEnvVarsInLog = 0;
		};
		82BC79C7645143A1FA7DEDD0 /* Copy Pods Resources */ = {
			isa = PBXShellScriptBuildPhase;
			buildActionMask = 2147483647;
			files = (
			);
			inputPaths = (
			);
			name = "Copy Pods Resources";
			outputPaths = (
			);
			runOnlyForDeploymentPostprocessing = 0;
			shellPath = /bin/sh;
			shellScript = "\"${SRCROOT}/Pods/Target Support Files/Pods-exercice-WeatherApp/Pods-exercice-WeatherApp-resources.sh\"\n";
			showEnvVarsInLog = 0;
		};
		B07F8F8FED7E033900589D44 /* Embed Pods Frameworks */ = {
			isa = PBXShellScriptBuildPhase;
			buildActionMask = 2147483647;
			files = (
			);
			inputPaths = (
			);
			name = "Embed Pods Frameworks";
			outputPaths = (
			);
			runOnlyForDeploymentPostprocessing = 0;
			shellPath = /bin/sh;
			shellScript = "\"${SRCROOT}/Pods/Target Support Files/Pods-exercice-WeatherApp/Pods-exercice-WeatherApp-frameworks.sh\"\n";
			showEnvVarsInLog = 0;
		};
/* End PBXShellScriptBuildPhase section */

/* Begin PBXSourcesBuildPhase section */
		504D230A1C17234A00629DCD /* Sources */ = {
			isa = PBXSourcesBuildPhase;
			buildActionMask = 2147483647;
			files = (
				50D1264A1C198A0000B8D8DD /* MeteoDetails.swift in Sources */,
				500CD5EC1C18402E00C104FC /* Meteo.swift in Sources */,
				504D23141C17234A00629DCD /* ViewController.swift in Sources */,
				504D23121C17234A00629DCD /* AppDelegate.swift in Sources */,
				500CD5EF1C18437D00C104FC /* Constants.swift in Sources */,
			);
			runOnlyForDeploymentPostprocessing = 0;
		};
/* End PBXSourcesBuildPhase section */

/* Begin PBXVariantGroup section */
		504D23151C17234A00629DCD /* Main.storyboard */ = {
			isa = PBXVariantGroup;
			children = (
				504D23161C17234A00629DCD /* Base */,
			);
			name = Main.storyboard;
			sourceTree = "<group>";
		};
		504D231A1C17234A00629DCD /* LaunchScreen.storyboard */ = {
			isa = PBXVariantGroup;
			children = (
				504D231B1C17234A00629DCD /* Base */,
			);
			name = LaunchScreen.storyboard;
			sourceTree = "<group>";
		};
/* End PBXVariantGroup section */

/* Begin XCBuildConfiguration section */
		504D231E1C17234A00629DCD /* Debug */ = {
			isa = XCBuildConfiguration;
			buildSettings = {
				ALWAYS_SEARCH_USER_PATHS = NO;
				CLANG_CXX_LANGUAGE_STANDARD = "gnu++0x";
				CLANG_CXX_LIBRARY = "libc++";
				CLANG_ENABLE_MODULES = YES;
				CLANG_ENABLE_OBJC_ARC = YES;
				CLANG_WARN_BOOL_CONVERSION = YES;
				CLANG_WARN_CONSTANT_CONVERSION = YES;
				CLANG_WARN_DIRECT_OBJC_ISA_USAGE = YES_ERROR;
				CLANG_WARN_EMPTY_BODY = YES;
				CLANG_WARN_ENUM_CONVERSION = YES;
				CLANG_WARN_INT_CONVERSION = YES;
				CLANG_WARN_OBJC_ROOT_CLASS = YES_ERROR;
				CLANG_WARN_UNREACHABLE_CODE = YES;
				CLANG_WARN__DUPLICATE_METHOD_MATCH = YES;
				"CODE_SIGN_IDENTITY[sdk=iphoneos*]" = "iPhone Developer";
				COPY_PHASE_STRIP = NO;
				DEBUG_INFORMATION_FORMAT = dwarf;
				ENABLE_STRICT_OBJC_MSGSEND = YES;
				ENABLE_TESTABILITY = YES;
				GCC_C_LANGUAGE_STANDARD = gnu99;
				GCC_DYNAMIC_NO_PIC = NO;
				GCC_NO_COMMON_BLOCKS = YES;
				GCC_OPTIMIZATION_LEVEL = 0;
				GCC_PREPROCESSOR_DEFINITIONS = (
					"DEBUG=1",
					"$(inherited)",
				);
				GCC_WARN_64_TO_32_BIT_CONVERSION = YES;
				GCC_WARN_ABOUT_RETURN_TYPE = YES_ERROR;
				GCC_WARN_UNDECLARED_SELECTOR = YES;
				GCC_WARN_UNINITIALIZED_AUTOS = YES_AGGRESSIVE;
				GCC_WARN_UNUSED_FUNCTION = YES;
				GCC_WARN_UNUSED_VARIABLE = YES;
				IPHONEOS_DEPLOYMENT_TARGET = 9.1;
				MTL_ENABLE_DEBUG_INFO = YES;
				ONLY_ACTIVE_ARCH = YES;
				SDKROOT = iphoneos;
				SWIFT_OPTIMIZATION_LEVEL = "-Onone";
			};
			name = Debug;
		};
		504D231F1C17234A00629DCD /* Release */ = {
			isa = XCBuildConfiguration;
			buildSettings = {
				ALWAYS_SEARCH_USER_PATHS = NO;
				CLANG_CXX_LANGUAGE_STANDARD = "gnu++0x";
				CLANG_CXX_LIBRARY = "libc++";
				CLANG_ENABLE_MODULES = YES;
				CLANG_ENABLE_OBJC_ARC = YES;
				CLANG_WARN_BOOL_CONVERSION = YES;
				CLANG_WARN_CONSTANT_CONVERSION = YES;
				CLANG_WARN_DIRECT_OBJC_ISA_USAGE = YES_ERROR;
				CLANG_WARN_EMPTY_BODY = YES;
				CLANG_WARN_ENUM_CONVERSION = YES;
				CLANG_WARN_INT_CONVERSION = YES;
				CLANG_WARN_OBJC_ROOT_CLASS = YES_ERROR;
				CLANG_WARN_UNREACHABLE_CODE = YES;
				CLANG_WARN__DUPLICATE_METHOD_MATCH = YES;
				"CODE_SIGN_IDENTITY[sdk=iphoneos*]" = "iPhone Developer";
				COPY_PHASE_STRIP = NO;
				DEBUG_INFORMATION_FORMAT = "dwarf-with-dsym";
				ENABLE_NS_ASSERTIONS = NO;
				ENABLE_STRICT_OBJC_MSGSEND = YES;
				GCC_C_LANGUAGE_STANDARD = gnu99;
				GCC_NO_COMMON_BLOCKS = YES;
				GCC_WARN_64_TO_32_BIT_CONVERSION = YES;
				GCC_WARN_ABOUT_RETURN_TYPE = YES_ERROR;
				GCC_WARN_UNDECLARED_SELECTOR = YES;
				GCC_WARN_UNINITIALIZED_AUTOS = YES_AGGRESSIVE;
				GCC_WARN_UNUSED_FUNCTION = YES;
				GCC_WARN_UNUSED_VARIABLE = YES;
				IPHONEOS_DEPLOYMENT_TARGET = 9.1;
				MTL_ENABLE_DEBUG_INFO = NO;
				SDKROOT = iphoneos;
				VALIDATE_PRODUCT = YES;
			};
			name = Release;
		};
		504D23211C17234A00629DCD /* Debug */ = {
			isa = XCBuildConfiguration;
			baseConfigurationReference = 98E8536913D9CA368C737A03 /* Pods-exercice-WeatherApp.debug.xcconfig */;
			buildSettings = {
				ASSETCATALOG_COMPILER_APPICON_NAME = AppIcon;
				INFOPLIST_FILE = "exercice-WeatherApp/Info.plist";
				LD_RUNPATH_SEARCH_PATHS = "$(inherited) @executable_path/Frameworks";
				PRODUCT_BUNDLE_IDENTIFIER = "mehdi.com.exercice-WeatherApp";
				PRODUCT_NAME = "$(TARGET_NAME)";
				TARGETED_DEVICE_FAMILY = 1;
			};
			name = Debug;
		};
		504D23221C17234A00629DCD /* Release */ = {
			isa = XCBuildConfiguration;
			baseConfigurationReference = 577ABCEAE33F0C18C14C5584 /* Pods-exercice-WeatherApp.release.xcconfig */;
			buildSettings = {
				ASSETCATALOG_COMPILER_APPICON_NAME = AppIcon;
				INFOPLIST_FILE = "exercice-WeatherApp/Info.plist";
				LD_RUNPATH_SEARCH_PATHS = "$(inherited) @executable_path/Frameworks";
				PRODUCT_BUNDLE_IDENTIFIER = "mehdi.com.exercice-WeatherApp";
				PRODUCT_NAME = "$(TARGET_NAME)";
				TARGETED_DEVICE_FAMILY = 1;
			};
			name = Release;
		};
/* End XCBuildConfiguration section */

/* Begin XCConfigurationList section */
		504D23091C17234A00629DCD /* Build configuration list for PBXProject "exercice-WeatherApp" */ = {
			isa = XCConfigurationList;
			buildConfigurations = (
				504D231E1C17234A00629DCD /* Debug */,
				504D231F1C17234A00629DCD /* Release */,
			);
			defaultConfigurationIsVisible = 0;
			defaultConfigurationName = Release;
		};
		504D23201C17234A00629DCD /* Build configuration list for PBXNativeTarget "exercice-WeatherApp" */ = {
			isa = XCConfigurationList;
			buildConfigurations = (
				504D23211C17234A00629DCD /* Debug */,
				504D23221C17234A00629DCD /* Release */,
			);
			defaultConfigurationIsVisible = 0;
			defaultConfigurationName = Release;
		};
/* End XCConfigurationList section */
	};
	rootObject = 504D23061C17234A00629DCD /* Project object */;
}
